// !$*UTF8*$!
{
	archiveVersion = 1;
	classes = {
	};
	objectVersion = 46;
	objects = {

/* Begin PBXBuildFile section */
		28EE6FA2D8F6587A56E5F468 /* Pods_VK_MESSENGER_SSAU.framework in Frameworks */ = {isa = PBXBuildFile; fileRef = D57745FEB52E6E67EA1206E8 /* Pods_VK_MESSENGER_SSAU.framework */; };
		B097C3401DFBFD1100E58776 /* main.m in Sources */ = {isa = PBXBuildFile; fileRef = B097C33F1DFBFD1100E58776 /* main.m */; };
		B097C3431DFBFD1100E58776 /* AppDelegate.m in Sources */ = {isa = PBXBuildFile; fileRef = B097C3421DFBFD1100E58776 /* AppDelegate.m */; };
		B097C3491DFBFD1100E58776 /* Main.storyboard in Resources */ = {isa = PBXBuildFile; fileRef = B097C3471DFBFD1100E58776 /* Main.storyboard */; };
		B097C34B1DFBFD1100E58776 /* Assets.xcassets in Resources */ = {isa = PBXBuildFile; fileRef = B097C34A1DFBFD1100E58776 /* Assets.xcassets */; };
		B097C34E1DFBFD1100E58776 /* LaunchScreen.storyboard in Resources */ = {isa = PBXBuildFile; fileRef = B097C34C1DFBFD1100E58776 /* LaunchScreen.storyboard */; };
		B097C3591DFBFD1100E58776 /* VK_MESSENGER_SSAUTests.m in Sources */ = {isa = PBXBuildFile; fileRef = B097C3581DFBFD1100E58776 /* VK_MESSENGER_SSAUTests.m */; };
		B097C3641DFBFD1200E58776 /* VK_MESSENGER_SSAUUITests.m in Sources */ = {isa = PBXBuildFile; fileRef = B097C3631DFBFD1200E58776 /* VK_MESSENGER_SSAUUITests.m */; };
		B098AC631DFD33560045D59B /* MainUserVO.m in Sources */ = {isa = PBXBuildFile; fileRef = B098AC621DFD33560045D59B /* MainUserVO.m */; };
		B09EAC4B1E0FC25500764ECC /* IGDataManager.m in Sources */ = {isa = PBXBuildFile; fileRef = B09EAC4A1E0FC25500764ECC /* IGDataManager.m */; };
		B09EAC4E1E0FC29C00764ECC /* Model.xcdatamodeld in Sources */ = {isa = PBXBuildFile; fileRef = B09EAC4C1E0FC29C00764ECC /* Model.xcdatamodeld */; };
		B09EAC921E0FC60D00764ECC /* CoreData.framework in Frameworks */ = {isa = PBXBuildFile; fileRef = B09EAC911E0FC60D00764ECC /* CoreData.framework */; };
		B09EAC981E0FC75400764ECC /* Session+CoreDataProperties.m in Sources */ = {isa = PBXBuildFile; fileRef = B09EAC951E0FC75400764ECC /* Session+CoreDataProperties.m */; };
		B09EAC991E0FC75400764ECC /* Session.m in Sources */ = {isa = PBXBuildFile; fileRef = B09EAC971E0FC75400764ECC /* Session.m */; };
		B0D21AF61E06BA2500F5A4E5 /* ChatScreenController.m in Sources */ = {isa = PBXBuildFile; fileRef = B0D21AF51E06BA2500F5A4E5 /* ChatScreenController.m */; };
		B0D21AFA1E06BA5C00F5A4E5 /* AuthorCell.m in Sources */ = {isa = PBXBuildFile; fileRef = B0D21AF81E06BA5C00F5A4E5 /* AuthorCell.m */; };
		B0D21AFB1E06BA5D00F5A4E5 /* AuthorCell.xib in Resources */ = {isa = PBXBuildFile; fileRef = B0D21AF91E06BA5C00F5A4E5 /* AuthorCell.xib */; };
		B0D21AFF1E06BA6D00F5A4E5 /* FriendCell.m in Sources */ = {isa = PBXBuildFile; fileRef = B0D21AFD1E06BA6D00F5A4E5 /* FriendCell.m */; };
		B0D21B001E06BA6D00F5A4E5 /* FriendCell.xib in Resources */ = {isa = PBXBuildFile; fileRef = B0D21AFE1E06BA6D00F5A4E5 /* FriendCell.xib */; };
		B0D21B031E06C65000F5A4E5 /* MessageVO.m in Sources */ = {isa = PBXBuildFile; fileRef = B0D21B021E06C65000F5A4E5 /* MessageVO.m */; };
		B0F7FFE11DFC08DE009FAE3C /* AuthController.m in Sources */ = {isa = PBXBuildFile; fileRef = B0F7FFE01DFC08DE009FAE3C /* AuthController.m */; };
		B0F7FFE41DFC49CF009FAE3C /* ChatListController.m in Sources */ = {isa = PBXBuildFile; fileRef = B0F7FFE31DFC49CF009FAE3C /* ChatListController.m */; };
		B0F7FFE81DFC4B7F009FAE3C /* ChatVO.m in Sources */ = {isa = PBXBuildFile; fileRef = B0F7FFE71DFC4B7F009FAE3C /* ChatVO.m */; };
		B0F7FFED1DFC9CC8009FAE3C /* ChatCell.m in Sources */ = {isa = PBXBuildFile; fileRef = B0F7FFEB1DFC9CC8009FAE3C /* ChatCell.m */; };
		B0F7FFEE1DFC9CC8009FAE3C /* ChatCell.xib in Resources */ = {isa = PBXBuildFile; fileRef = B0F7FFEC1DFC9CC8009FAE3C /* ChatCell.xib */; };
/* End PBXBuildFile section */

/* Begin PBXContainerItemProxy section */
		B097C3551DFBFD1100E58776 /* PBXContainerItemProxy */ = {
			isa = PBXContainerItemProxy;
			containerPortal = B097C3331DFBFD1100E58776 /* Project object */;
			proxyType = 1;
			remoteGlobalIDString = B097C33A1DFBFD1100E58776;
			remoteInfo = "VK MESSENGER SSAU";
		};
		B097C3601DFBFD1200E58776 /* PBXContainerItemProxy */ = {
			isa = PBXContainerItemProxy;
			containerPortal = B097C3331DFBFD1100E58776 /* Project object */;
			proxyType = 1;
			remoteGlobalIDString = B097C33A1DFBFD1100E58776;
			remoteInfo = "VK MESSENGER SSAU";
		};
/* End PBXContainerItemProxy section */

/* Begin PBXFileReference section */
		514FC076CDCFDED4851B20BB /* Pods-VK MESSENGER SSAU.debug.xcconfig */ = {isa = PBXFileReference; includeInIndex = 1; lastKnownFileType = text.xcconfig; name = "Pods-VK MESSENGER SSAU.debug.xcconfig"; path = "Pods/Target Support Files/Pods-VK MESSENGER SSAU/Pods-VK MESSENGER SSAU.debug.xcconfig"; sourceTree = "<group>"; };
		A3503AB774818FEDDAE6F3F7 /* Pods-VK MESSENGER SSAU.release.xcconfig */ = {isa = PBXFileReference; includeInIndex = 1; lastKnownFileType = text.xcconfig; name = "Pods-VK MESSENGER SSAU.release.xcconfig"; path = "Pods/Target Support Files/Pods-VK MESSENGER SSAU/Pods-VK MESSENGER SSAU.release.xcconfig"; sourceTree = "<group>"; };
		AE8525B78351076634EA1D8C /* libPods-VK MESSENGER SSAUTests.a */ = {isa = PBXFileReference; explicitFileType = archive.ar; includeInIndex = 0; path = "libPods-VK MESSENGER SSAUTests.a"; sourceTree = BUILT_PRODUCTS_DIR; };
		B097C33B1DFBFD1100E58776 /* VK MESSENGER SSAU.app */ = {isa = PBXFileReference; explicitFileType = wrapper.application; includeInIndex = 0; path = "VK MESSENGER SSAU.app"; sourceTree = BUILT_PRODUCTS_DIR; };
		B097C33F1DFBFD1100E58776 /* main.m */ = {isa = PBXFileReference; lastKnownFileType = sourcecode.c.objc; path = main.m; sourceTree = "<group>"; };
		B097C3411DFBFD1100E58776 /* AppDelegate.h */ = {isa = PBXFileReference; lastKnownFileType = sourcecode.c.h; path = AppDelegate.h; sourceTree = "<group>"; };
		B097C3421DFBFD1100E58776 /* AppDelegate.m */ = {isa = PBXFileReference; lastKnownFileType = sourcecode.c.objc; path = AppDelegate.m; sourceTree = "<group>"; };
		B097C3481DFBFD1100E58776 /* Base */ = {isa = PBXFileReference; lastKnownFileType = file.storyboard; name = Base; path = Base.lproj/Main.storyboard; sourceTree = "<group>"; };
		B097C34A1DFBFD1100E58776 /* Assets.xcassets */ = {isa = PBXFileReference; lastKnownFileType = folder.assetcatalog; path = Assets.xcassets; sourceTree = "<group>"; };
		B097C34D1DFBFD1100E58776 /* Base */ = {isa = PBXFileReference; lastKnownFileType = file.storyboard; name = Base; path = Base.lproj/LaunchScreen.storyboard; sourceTree = "<group>"; };
		B097C34F1DFBFD1100E58776 /* Info.plist */ = {isa = PBXFileReference; lastKnownFileType = text.plist.xml; path = Info.plist; sourceTree = "<group>"; };
		B097C3541DFBFD1100E58776 /* VK MESSENGER SSAUTests.xctest */ = {isa = PBXFileReference; explicitFileType = wrapper.cfbundle; includeInIndex = 0; path = "VK MESSENGER SSAUTests.xctest"; sourceTree = BUILT_PRODUCTS_DIR; };
		B097C3581DFBFD1100E58776 /* VK_MESSENGER_SSAUTests.m */ = {isa = PBXFileReference; lastKnownFileType = sourcecode.c.objc; path = VK_MESSENGER_SSAUTests.m; sourceTree = "<group>"; };
		B097C35A1DFBFD1100E58776 /* Info.plist */ = {isa = PBXFileReference; lastKnownFileType = text.plist.xml; path = Info.plist; sourceTree = "<group>"; };
		B097C35F1DFBFD1200E58776 /* VK MESSENGER SSAUUITests.xctest */ = {isa = PBXFileReference; explicitFileType = wrapper.cfbundle; includeInIndex = 0; path = "VK MESSENGER SSAUUITests.xctest"; sourceTree = BUILT_PRODUCTS_DIR; };
		B097C3631DFBFD1200E58776 /* VK_MESSENGER_SSAUUITests.m */ = {isa = PBXFileReference; lastKnownFileType = sourcecode.c.objc; path = VK_MESSENGER_SSAUUITests.m; sourceTree = "<group>"; };
		B097C3651DFBFD1200E58776 /* Info.plist */ = {isa = PBXFileReference; lastKnownFileType = text.plist.xml; path = Info.plist; sourceTree = "<group>"; };
		B098AC611DFD33560045D59B /* MainUserVO.h */ = {isa = PBXFileReference; fileEncoding = 4; lastKnownFileType = sourcecode.c.h; path = MainUserVO.h; sourceTree = "<group>"; };
		B098AC621DFD33560045D59B /* MainUserVO.m */ = {isa = PBXFileReference; fileEncoding = 4; lastKnownFileType = sourcecode.c.objc; path = MainUserVO.m; sourceTree = "<group>"; };
		B09EAC491E0FC25500764ECC /* IGDataManager.h */ = {isa = PBXFileReference; fileEncoding = 4; lastKnownFileType = sourcecode.c.h; path = IGDataManager.h; sourceTree = "<group>"; };
		B09EAC4A1E0FC25500764ECC /* IGDataManager.m */ = {isa = PBXFileReference; fileEncoding = 4; lastKnownFileType = sourcecode.c.objc; path = IGDataManager.m; sourceTree = "<group>"; };
		B09EAC4D1E0FC29C00764ECC /* Model.xcdatamodel */ = {isa = PBXFileReference; lastKnownFileType = wrapper.xcdatamodel; path = Model.xcdatamodel; sourceTree = "<group>"; };
		B09EAC911E0FC60D00764ECC /* CoreData.framework */ = {isa = PBXFileReference; lastKnownFileType = wrapper.framework; name = CoreData.framework; path = System/Library/Frameworks/CoreData.framework; sourceTree = SDKROOT; };
		B09EAC941E0FC75400764ECC /* Session+CoreDataProperties.h */ = {isa = PBXFileReference; fileEncoding = 4; lastKnownFileType = sourcecode.c.h; name = "Session+CoreDataProperties.h"; path = "../../../Downloads/CarShopApp/CarShopApp/Session+CoreDataProperties.h"; sourceTree = "<group>"; };
		B09EAC951E0FC75400764ECC /* Session+CoreDataProperties.m */ = {isa = PBXFileReference; fileEncoding = 4; lastKnownFileType = sourcecode.c.objc; name = "Session+CoreDataProperties.m"; path = "../../../Downloads/CarShopApp/CarShopApp/Session+CoreDataProperties.m"; sourceTree = "<group>"; };
		B09EAC961E0FC75400764ECC /* Session.h */ = {isa = PBXFileReference; fileEncoding = 4; lastKnownFileType = sourcecode.c.h; name = Session.h; path = ../../../Downloads/CarShopApp/CarShopApp/Session.h; sourceTree = "<group>"; };
		B09EAC971E0FC75400764ECC /* Session.m */ = {isa = PBXFileReference; fileEncoding = 4; lastKnownFileType = sourcecode.c.objc; name = Session.m; path = ../../../Downloads/CarShopApp/CarShopApp/Session.m; sourceTree = "<group>"; };
		B0D21AF41E06BA2500F5A4E5 /* ChatScreenController.h */ = {isa = PBXFileReference; fileEncoding = 4; lastKnownFileType = sourcecode.c.h; path = ChatScreenController.h; sourceTree = "<group>"; };
		B0D21AF51E06BA2500F5A4E5 /* ChatScreenController.m */ = {isa = PBXFileReference; fileEncoding = 4; lastKnownFileType = sourcecode.c.objc; path = ChatScreenController.m; sourceTree = "<group>"; };
		B0D21AF71E06BA5C00F5A4E5 /* AuthorCell.h */ = {isa = PBXFileReference; fileEncoding = 4; lastKnownFileType = sourcecode.c.h; path = AuthorCell.h; sourceTree = "<group>"; };
		B0D21AF81E06BA5C00F5A4E5 /* AuthorCell.m */ = {isa = PBXFileReference; fileEncoding = 4; lastKnownFileType = sourcecode.c.objc; path = AuthorCell.m; sourceTree = "<group>"; };
		B0D21AF91E06BA5C00F5A4E5 /* AuthorCell.xib */ = {isa = PBXFileReference; fileEncoding = 4; lastKnownFileType = file.xib; path = AuthorCell.xib; sourceTree = "<group>"; };
		B0D21AFC1E06BA6D00F5A4E5 /* FriendCell.h */ = {isa = PBXFileReference; fileEncoding = 4; lastKnownFileType = sourcecode.c.h; path = FriendCell.h; sourceTree = "<group>"; };
		B0D21AFD1E06BA6D00F5A4E5 /* FriendCell.m */ = {isa = PBXFileReference; fileEncoding = 4; lastKnownFileType = sourcecode.c.objc; path = FriendCell.m; sourceTree = "<group>"; };
		B0D21AFE1E06BA6D00F5A4E5 /* FriendCell.xib */ = {isa = PBXFileReference; fileEncoding = 4; lastKnownFileType = file.xib; path = FriendCell.xib; sourceTree = "<group>"; };
		B0D21B011E06C65000F5A4E5 /* MessageVO.h */ = {isa = PBXFileReference; fileEncoding = 4; lastKnownFileType = sourcecode.c.h; path = MessageVO.h; sourceTree = "<group>"; };
		B0D21B021E06C65000F5A4E5 /* MessageVO.m */ = {isa = PBXFileReference; fileEncoding = 4; lastKnownFileType = sourcecode.c.objc; path = MessageVO.m; sourceTree = "<group>"; };
		B0F7FFDF1DFC08DE009FAE3C /* AuthController.h */ = {isa = PBXFileReference; fileEncoding = 4; lastKnownFileType = sourcecode.c.h; path = AuthController.h; sourceTree = "<group>"; };
		B0F7FFE01DFC08DE009FAE3C /* AuthController.m */ = {isa = PBXFileReference; fileEncoding = 4; lastKnownFileType = sourcecode.c.objc; path = AuthController.m; sourceTree = "<group>"; };
		B0F7FFE21DFC49CF009FAE3C /* ChatListController.h */ = {isa = PBXFileReference; fileEncoding = 4; lastKnownFileType = sourcecode.c.h; path = ChatListController.h; sourceTree = "<group>"; };
		B0F7FFE31DFC49CF009FAE3C /* ChatListController.m */ = {isa = PBXFileReference; fileEncoding = 4; lastKnownFileType = sourcecode.c.objc; path = ChatListController.m; sourceTree = "<group>"; };
		B0F7FFE61DFC4B7F009FAE3C /* ChatVO.h */ = {isa = PBXFileReference; fileEncoding = 4; lastKnownFileType = sourcecode.c.h; path = ChatVO.h; sourceTree = "<group>"; };
		B0F7FFE71DFC4B7F009FAE3C /* ChatVO.m */ = {isa = PBXFileReference; fileEncoding = 4; lastKnownFileType = sourcecode.c.objc; path = ChatVO.m; sourceTree = "<group>"; };
		B0F7FFEA1DFC9CC8009FAE3C /* ChatCell.h */ = {isa = PBXFileReference; fileEncoding = 4; lastKnownFileType = sourcecode.c.h; path = ChatCell.h; sourceTree = "<group>"; };
		B0F7FFEB1DFC9CC8009FAE3C /* ChatCell.m */ = {isa = PBXFileReference; fileEncoding = 4; lastKnownFileType = sourcecode.c.objc; path = ChatCell.m; sourceTree = "<group>"; };
		B0F7FFEC1DFC9CC8009FAE3C /* ChatCell.xib */ = {isa = PBXFileReference; fileEncoding = 4; lastKnownFileType = file.xib; path = ChatCell.xib; sourceTree = "<group>"; };
		D57745FEB52E6E67EA1206E8 /* Pods_VK_MESSENGER_SSAU.framework */ = {isa = PBXFileReference; explicitFileType = wrapper.framework; includeInIndex = 0; path = Pods_VK_MESSENGER_SSAU.framework; sourceTree = BUILT_PRODUCTS_DIR; };
		E4413D18C32D7744233ADD5E /* libPods-VK MESSENGER SSAUUITests.a */ = {isa = PBXFileReference; explicitFileType = archive.ar; includeInIndex = 0; path = "libPods-VK MESSENGER SSAUUITests.a"; sourceTree = BUILT_PRODUCTS_DIR; };
/* End PBXFileReference section */

/* Begin PBXFrameworksBuildPhase section */
		B097C3381DFBFD1100E58776 /* Frameworks */ = {
			isa = PBXFrameworksBuildPhase;
			buildActionMask = 2147483647;
			files = (
				B09EAC921E0FC60D00764ECC /* CoreData.framework in Frameworks */,
				28EE6FA2D8F6587A56E5F468 /* Pods_VK_MESSENGER_SSAU.framework in Frameworks */,
			);
			runOnlyForDeploymentPostprocessing = 0;
		};
		B097C3511DFBFD1100E58776 /* Frameworks */ = {
			isa = PBXFrameworksBuildPhase;
			buildActionMask = 2147483647;
			files = (
			);
			runOnlyForDeploymentPostprocessing = 0;
		};
		B097C35C1DFBFD1200E58776 /* Frameworks */ = {
			isa = PBXFrameworksBuildPhase;
			buildActionMask = 2147483647;
			files = (
			);
			runOnlyForDeploymentPostprocessing = 0;
		};
/* End PBXFrameworksBuildPhase section */

/* Begin PBXGroup section */
		2EBCA94C8B2E35EE02179D5C /* Pods */ = {
			isa = PBXGroup;
			children = (
				514FC076CDCFDED4851B20BB /* Pods-VK MESSENGER SSAU.debug.xcconfig */,
				A3503AB774818FEDDAE6F3F7 /* Pods-VK MESSENGER SSAU.release.xcconfig */,
			);
			name = Pods;
			sourceTree = "<group>";
		};
		66A63610C61BD56EDBDED602 /* Frameworks */ = {
			isa = PBXGroup;
			children = (
				B09EAC911E0FC60D00764ECC /* CoreData.framework */,
				AE8525B78351076634EA1D8C /* libPods-VK MESSENGER SSAUTests.a */,
				E4413D18C32D7744233ADD5E /* libPods-VK MESSENGER SSAUUITests.a */,
				D57745FEB52E6E67EA1206E8 /* Pods_VK_MESSENGER_SSAU.framework */,
			);
			name = Frameworks;
			sourceTree = "<group>";
		};
		B097C3321DFBFD1100E58776 = {
			isa = PBXGroup;
			children = (
				B097C33D1DFBFD1100E58776 /* VK MESSENGER SSAU */,
				B097C3571DFBFD1100E58776 /* VK MESSENGER SSAUTests */,
				B097C3621DFBFD1200E58776 /* VK MESSENGER SSAUUITests */,
				B097C33C1DFBFD1100E58776 /* Products */,
				2EBCA94C8B2E35EE02179D5C /* Pods */,
				66A63610C61BD56EDBDED602 /* Frameworks */,
			);
			sourceTree = "<group>";
		};
		B097C33C1DFBFD1100E58776 /* Products */ = {
			isa = PBXGroup;
			children = (
				B097C33B1DFBFD1100E58776 /* VK MESSENGER SSAU.app */,
				B097C3541DFBFD1100E58776 /* VK MESSENGER SSAUTests.xctest */,
				B097C35F1DFBFD1200E58776 /* VK MESSENGER SSAUUITests.xctest */,
			);
			name = Products;
			sourceTree = "<group>";
		};
		B097C33D1DFBFD1100E58776 /* VK MESSENGER SSAU */ = {
			isa = PBXGroup;
			children = (
				B09EAC481E0FC1D900764ECC /* DataManagers */,
				B0F7FFE51DFC4A58009FAE3C /* Value Objects */,
				B097C3411DFBFD1100E58776 /* AppDelegate.h */,
				B097C3421DFBFD1100E58776 /* AppDelegate.m */,
				B0F7FFDF1DFC08DE009FAE3C /* AuthController.h */,
				B0F7FFE01DFC08DE009FAE3C /* AuthController.m */,
				B0D21AF31E06B9E500F5A4E5 /* ChatController */,
				B0E3A6181DFDCEC50083A00F /* Images */,
				B0F7FFE91DFC9C9E009FAE3C /* ListController */,
				B097C3471DFBFD1100E58776 /* Main.storyboard */,
				B097C34A1DFBFD1100E58776 /* Assets.xcassets */,
				B097C34C1DFBFD1100E58776 /* LaunchScreen.storyboard */,
				B097C34F1DFBFD1100E58776 /* Info.plist */,
				B097C33E1DFBFD1100E58776 /* Supporting Files */,
			);
			path = "VK MESSENGER SSAU";
			sourceTree = "<group>";
		};
		B097C33E1DFBFD1100E58776 /* Supporting Files */ = {
			isa = PBXGroup;
			children = (
				B097C33F1DFBFD1100E58776 /* main.m */,
			);
			name = "Supporting Files";
			sourceTree = "<group>";
		};
		B097C3571DFBFD1100E58776 /* VK MESSENGER SSAUTests */ = {
			isa = PBXGroup;
			children = (
				B097C3581DFBFD1100E58776 /* VK_MESSENGER_SSAUTests.m */,
				B097C35A1DFBFD1100E58776 /* Info.plist */,
			);
			path = "VK MESSENGER SSAUTests";
			sourceTree = "<group>";
		};
		B097C3621DFBFD1200E58776 /* VK MESSENGER SSAUUITests */ = {
			isa = PBXGroup;
			children = (
				B097C3631DFBFD1200E58776 /* VK_MESSENGER_SSAUUITests.m */,
				B097C3651DFBFD1200E58776 /* Info.plist */,
			);
			path = "VK MESSENGER SSAUUITests";
			sourceTree = "<group>";
		};
		B09EAC481E0FC1D900764ECC /* DataManagers */ = {
			isa = PBXGroup;
			children = (
				B09EAC931E0FC67800764ECC /* DataModels */,
				B09EAC491E0FC25500764ECC /* IGDataManager.h */,
				B09EAC4A1E0FC25500764ECC /* IGDataManager.m */,
				B09EAC4C1E0FC29C00764ECC /* Model.xcdatamodeld */,
			);
			name = DataManagers;
			sourceTree = "<group>";
		};
		B09EAC931E0FC67800764ECC /* DataModels */ = {
			isa = PBXGroup;
			children = (
				B09EAC941E0FC75400764ECC /* Session+CoreDataProperties.h */,
				B09EAC951E0FC75400764ECC /* Session+CoreDataProperties.m */,
				B09EAC961E0FC75400764ECC /* Session.h */,
				B09EAC971E0FC75400764ECC /* Session.m */,
			);
			name = DataModels;
			sourceTree = "<group>";
		};
		B0D21AF31E06B9E500F5A4E5 /* ChatController */ = {
			isa = PBXGroup;
			children = (
				B0D21AF41E06BA2500F5A4E5 /* ChatScreenController.h */,
				B0D21AF51E06BA2500F5A4E5 /* ChatScreenController.m */,
				B0D21AF71E06BA5C00F5A4E5 /* AuthorCell.h */,
				B0D21AF81E06BA5C00F5A4E5 /* AuthorCell.m */,
				B0D21AF91E06BA5C00F5A4E5 /* AuthorCell.xib */,
				B0D21AFC1E06BA6D00F5A4E5 /* FriendCell.h */,
				B0D21AFD1E06BA6D00F5A4E5 /* FriendCell.m */,
				B0D21AFE1E06BA6D00F5A4E5 /* FriendCell.xib */,
			);
			name = ChatController;
			sourceTree = "<group>";
		};
		B0E3A6181DFDCEC50083A00F /* Images */ = {
			isa = PBXGroup;
			children = (
			);
			name = Images;
			sourceTree = "<group>";
		};
		B0F7FFE51DFC4A58009FAE3C /* Value Objects */ = {
			isa = PBXGroup;
			children = (
				B0F7FFE61DFC4B7F009FAE3C /* ChatVO.h */,
				B0F7FFE71DFC4B7F009FAE3C /* ChatVO.m */,
				B098AC611DFD33560045D59B /* MainUserVO.h */,
				B098AC621DFD33560045D59B /* MainUserVO.m */,
				B0D21B011E06C65000F5A4E5 /* MessageVO.h */,
				B0D21B021E06C65000F5A4E5 /* MessageVO.m */,
			);
			name = "Value Objects";
			sourceTree = "<group>";
		};
		B0F7FFE91DFC9C9E009FAE3C /* ListController */ = {
			isa = PBXGroup;
			children = (
				B0F7FFE21DFC49CF009FAE3C /* ChatListController.h */,
				B0F7FFE31DFC49CF009FAE3C /* ChatListController.m */,
				B0F7FFEA1DFC9CC8009FAE3C /* ChatCell.h */,
				B0F7FFEB1DFC9CC8009FAE3C /* ChatCell.m */,
				B0F7FFEC1DFC9CC8009FAE3C /* ChatCell.xib */,
			);
			name = ListController;
			sourceTree = "<group>";
		};
/* End PBXGroup section */

/* Begin PBXNativeTarget section */
		B097C33A1DFBFD1100E58776 /* VK MESSENGER SSAU */ = {
			isa = PBXNativeTarget;
			buildConfigurationList = B097C3681DFBFD1200E58776 /* Build configuration list for PBXNativeTarget "VK MESSENGER SSAU" */;
			buildPhases = (
				6C8DA9C11879A1ADA48D2241 /* [CP] Check Pods Manifest.lock */,
				B097C3371DFBFD1100E58776 /* Sources */,
				B097C3381DFBFD1100E58776 /* Frameworks */,
				B097C3391DFBFD1100E58776 /* Resources */,
				9B2258749B53661F5FD3030A /* [CP] Embed Pods Frameworks */,
				F8E232E0899E7A7ED446E8F0 /* [CP] Copy Pods Resources */,
			);
			buildRules = (
			);
			dependencies = (
			);
			name = "VK MESSENGER SSAU";
			productName = "VK MESSENGER SSAU";
			productReference = B097C33B1DFBFD1100E58776 /* VK MESSENGER SSAU.app */;
			productType = "com.apple.product-type.application";
		};
		B097C3531DFBFD1100E58776 /* VK MESSENGER SSAUTests */ = {
			isa = PBXNativeTarget;
			buildConfigurationList = B097C36B1DFBFD1200E58776 /* Build configuration list for PBXNativeTarget "VK MESSENGER SSAUTests" */;
			buildPhases = (
				B097C3501DFBFD1100E58776 /* Sources */,
				B097C3511DFBFD1100E58776 /* Frameworks */,
				B097C3521DFBFD1100E58776 /* Resources */,
			);
			buildRules = (
			);
			dependencies = (
				B097C3561DFBFD1100E58776 /* PBXTargetDependency */,
			);
			name = "VK MESSENGER SSAUTests";
			productName = "VK MESSENGER SSAUTests";
			productReference = B097C3541DFBFD1100E58776 /* VK MESSENGER SSAUTests.xctest */;
			productType = "com.apple.product-type.bundle.unit-test";
		};
		B097C35E1DFBFD1200E58776 /* VK MESSENGER SSAUUITests */ = {
			isa = PBXNativeTarget;
			buildConfigurationList = B097C36E1DFBFD1200E58776 /* Build configuration list for PBXNativeTarget "VK MESSENGER SSAUUITests" */;
			buildPhases = (
				B097C35B1DFBFD1200E58776 /* Sources */,
				B097C35C1DFBFD1200E58776 /* Frameworks */,
				B097C35D1DFBFD1200E58776 /* Resources */,
			);
			buildRules = (
			);
			dependencies = (
				B097C3611DFBFD1200E58776 /* PBXTargetDependency */,
			);
			name = "VK MESSENGER SSAUUITests";
			productName = "VK MESSENGER SSAUUITests";
			productReference = B097C35F1DFBFD1200E58776 /* VK MESSENGER SSAUUITests.xctest */;
			productType = "com.apple.product-type.bundle.ui-testing";
		};
/* End PBXNativeTarget section */

/* Begin PBXProject section */
		B097C3331DFBFD1100E58776 /* Project object */ = {
			isa = PBXProject;
			attributes = {
				LastUpgradeCheck = 0800;
				ORGANIZATIONNAME = "Ilya Glazunov";
				TargetAttributes = {
					B097C33A1DFBFD1100E58776 = {
						CreatedOnToolsVersion = 8.0;
						DevelopmentTeam = YJ7WEU84RH;
						ProvisioningStyle = Automatic;
					};
					B097C3531DFBFD1100E58776 = {
						CreatedOnToolsVersion = 8.0;
						DevelopmentTeam = YJ7WEU84RH;
						ProvisioningStyle = Automatic;
						TestTargetID = B097C33A1DFBFD1100E58776;
					};
					B097C35E1DFBFD1200E58776 = {
						CreatedOnToolsVersion = 8.0;
						DevelopmentTeam = YJ7WEU84RH;
						ProvisioningStyle = Automatic;
						TestTargetID = B097C33A1DFBFD1100E58776;
					};
				};
			};
			buildConfigurationList = B097C3361DFBFD1100E58776 /* Build configuration list for PBXProject "VK MESSENGER SSAU" */;
			compatibilityVersion = "Xcode 3.2";
			developmentRegion = English;
			hasScannedForEncodings = 0;
			knownRegions = (
				en,
				Base,
			);
			mainGroup = B097C3321DFBFD1100E58776;
			productRefGroup = B097C33C1DFBFD1100E58776 /* Products */;
			projectDirPath = "";
			projectRoot = "";
			targets = (
				B097C33A1DFBFD1100E58776 /* VK MESSENGER SSAU */,
				B097C3531DFBFD1100E58776 /* VK MESSENGER SSAUTests */,
				B097C35E1DFBFD1200E58776 /* VK MESSENGER SSAUUITests */,
			);
		};
/* End PBXProject section */

/* Begin PBXResourcesBuildPhase section */
		B097C3391DFBFD1100E58776 /* Resources */ = {
			isa = PBXResourcesBuildPhase;
			buildActionMask = 2147483647;
			files = (
				B097C34E1DFBFD1100E58776 /* LaunchScreen.storyboard in Resources */,
				B0F7FFEE1DFC9CC8009FAE3C /* ChatCell.xib in Resources */,
				B0D21AFB1E06BA5D00F5A4E5 /* AuthorCell.xib in Resources */,
				B0D21B001E06BA6D00F5A4E5 /* FriendCell.xib in Resources */,
				B097C34B1DFBFD1100E58776 /* Assets.xcassets in Resources */,
				B097C3491DFBFD1100E58776 /* Main.storyboard in Resources */,
			);
			runOnlyForDeploymentPostprocessing = 0;
		};
		B097C3521DFBFD1100E58776 /* Resources */ = {
			isa = PBXResourcesBuildPhase;
			buildActionMask = 2147483647;
			files = (
			);
			runOnlyForDeploymentPostprocessing = 0;
		};
		B097C35D1DFBFD1200E58776 /* Resources */ = {
			isa = PBXResourcesBuildPhase;
			buildActionMask = 2147483647;
			files = (
			);
			runOnlyForDeploymentPostprocessing = 0;
		};
/* End PBXResourcesBuildPhase section */

/* Begin PBXShellScriptBuildPhase section */
		6C8DA9C11879A1ADA48D2241 /* [CP] Check Pods Manifest.lock */ = {
			isa = PBXShellScriptBuildPhase;
			buildActionMask = 2147483647;
			files = (
			);
			inputPaths = (
			);
			name = "[CP] Check Pods Manifest.lock";
			outputPaths = (
			);
			runOnlyForDeploymentPostprocessing = 0;
			shellPath = /bin/sh;
			shellScript = "diff \"${PODS_ROOT}/../Podfile.lock\" \"${PODS_ROOT}/Manifest.lock\" > /dev/null\nif [ $? != 0 ] ; then\n    # print error to STDERR\n    echo \"error: The sandbox is not in sync with the Podfile.lock. Run 'pod install' or update your CocoaPods installation.\" >&2\n    exit 1\nfi\n";
			showEnvVarsInLog = 0;
		};
		9B2258749B53661F5FD3030A /* [CP] Embed Pods Frameworks */ = {
			isa = PBXShellScriptBuildPhase;
			buildActionMask = 2147483647;
			files = (
			);
			inputPaths = (
			);
			name = "[CP] Embed Pods Frameworks";
			outputPaths = (
			);
			runOnlyForDeploymentPostprocessing = 0;
			shellPath = /bin/sh;
			shellScript = "\"${SRCROOT}/Pods/Target Support Files/Pods-VK MESSENGER SSAU/Pods-VK MESSENGER SSAU-frameworks.sh\"\n";
			showEnvVarsInLog = 0;
		};
		F8E232E0899E7A7ED446E8F0 /* [CP] Copy Pods Resources */ = {
			isa = PBXShellScriptBuildPhase;
			buildActionMask = 2147483647;
			files = (
			);
			inputPaths = (
			);
			name = "[CP] Copy Pods Resources";
			outputPaths = (
			);
			runOnlyForDeploymentPostprocessing = 0;
			shellPath = /bin/sh;
			shellScript = "\"${SRCROOT}/Pods/Target Support Files/Pods-VK MESSENGER SSAU/Pods-VK MESSENGER SSAU-resources.sh\"\n";
			showEnvVarsInLog = 0;
		};
/* End PBXShellScriptBuildPhase section */

/* Begin PBXSourcesBuildPhase section */
		B097C3371DFBFD1100E58776 /* Sources */ = {
			isa = PBXSourcesBuildPhase;
			buildActionMask = 2147483647;
			files = (
				B09EAC991E0FC75400764ECC /* Session.m in Sources */,
				B0F7FFE11DFC08DE009FAE3C /* AuthController.m in Sources */,
				B097C3431DFBFD1100E58776 /* AppDelegate.m in Sources */,
				B0D21B031E06C65000F5A4E5 /* MessageVO.m in Sources */,
				B09EAC4B1E0FC25500764ECC /* IGDataManager.m in Sources */,
				B097C3401DFBFD1100E58776 /* main.m in Sources */,
				B0F7FFED1DFC9CC8009FAE3C /* ChatCell.m in Sources */,
				B09EAC981E0FC75400764ECC /* Session+CoreDataProperties.m in Sources */,
				B0F7FFE41DFC49CF009FAE3C /* ChatListController.m in Sources */,
				B0D21AF61E06BA2500F5A4E5 /* ChatScreenController.m in Sources */,
				B0D21AFA1E06BA5C00F5A4E5 /* AuthorCell.m in Sources */,
				B0D21AFF1E06BA6D00F5A4E5 /* FriendCell.m in Sources */,
				B098AC631DFD33560045D59B /* MainUserVO.m in Sources */,
				B09EAC4E1E0FC29C00764ECC /* Model.xcdatamodeld in Sources */,
				B0F7FFE81DFC4B7F009FAE3C /* ChatVO.m in Sources */,
			);
			runOnlyForDeploymentPostprocessing = 0;
		};
		B097C3501DFBFD1100E58776 /* Sources */ = {
			isa = PBXSourcesBuildPhase;
			buildActionMask = 2147483647;
			files = (
				B097C3591DFBFD1100E58776 /* VK_MESSENGER_SSAUTests.m in Sources */,
			);
			runOnlyForDeploymentPostprocessing = 0;
		};
		B097C35B1DFBFD1200E58776 /* Sources */ = {
			isa = PBXSourcesBuildPhase;
			buildActionMask = 2147483647;
			files = (
				B097C3641DFBFD1200E58776 /* VK_MESSENGER_SSAUUITests.m in Sources */,
			);
			runOnlyForDeploymentPostprocessing = 0;
		};
/* End PBXSourcesBuildPhase section */

/* Begin PBXTargetDependency section */
		B097C3561DFBFD1100E58776 /* PBXTargetDependency */ = {
			isa = PBXTargetDependency;
			target = B097C33A1DFBFD1100E58776 /* VK MESSENGER SSAU */;
			targetProxy = B097C3551DFBFD1100E58776 /* PBXContainerItemProxy */;
		};
		B097C3611DFBFD1200E58776 /* PBXTargetDependency */ = {
			isa = PBXTargetDependency;
			target = B097C33A1DFBFD1100E58776 /* VK MESSENGER SSAU */;
			targetProxy = B097C3601DFBFD1200E58776 /* PBXContainerItemProxy */;
		};
/* End PBXTargetDependency section */

/* Begin PBXVariantGroup section */
		B097C3471DFBFD1100E58776 /* Main.storyboard */ = {
			isa = PBXVariantGroup;
			children = (
				B097C3481DFBFD1100E58776 /* Base */,
			);
			name = Main.storyboard;
			sourceTree = "<group>";
		};
		B097C34C1DFBFD1100E58776 /* LaunchScreen.storyboard */ = {
			isa = PBXVariantGroup;
			children = (
				B097C34D1DFBFD1100E58776 /* Base */,
			);
			name = LaunchScreen.storyboard;
			sourceTree = "<group>";
		};
/* End PBXVariantGroup section */

/* Begin XCBuildConfiguration section */
		B097C3661DFBFD1200E58776 /* Debug */ = {
			isa = XCBuildConfiguration;
			buildSettings = {
				ALWAYS_SEARCH_USER_PATHS = NO;
				CLANG_ANALYZER_NONNULL = YES;
				CLANG_CXX_LANGUAGE_STANDARD = "gnu++0x";
				CLANG_CXX_LIBRARY = "libc++";
				CLANG_ENABLE_MODULES = YES;
				CLANG_ENABLE_OBJC_ARC = YES;
				CLANG_WARN_BOOL_CONVERSION = YES;
				CLANG_WARN_CONSTANT_CONVERSION = YES;
				CLANG_WARN_DIRECT_OBJC_ISA_USAGE = YES_ERROR;
				CLANG_WARN_DOCUMENTATION_COMMENTS = YES;
				CLANG_WARN_EMPTY_BODY = YES;
				CLANG_WARN_ENUM_CONVERSION = YES;
				CLANG_WARN_INFINITE_RECURSION = YES;
				CLANG_WARN_INT_CONVERSION = YES;
				CLANG_WARN_OBJC_ROOT_CLASS = YES_ERROR;
				CLANG_WARN_SUSPICIOUS_MOVES = YES;
				CLANG_WARN_UNREACHABLE_CODE = YES;
				CLANG_WARN__DUPLICATE_METHOD_MATCH = YES;
				"CODE_SIGN_IDENTITY[sdk=iphoneos*]" = "iPhone Developer";
				COPY_PHASE_STRIP = NO;
				DEBUG_INFORMATION_FORMAT = dwarf;
				ENABLE_STRICT_OBJC_MSGSEND = YES;
				ENABLE_TESTABILITY = YES;
				GCC_C_LANGUAGE_STANDARD = gnu99;
				GCC_DYNAMIC_NO_PIC = NO;
				GCC_NO_COMMON_BLOCKS = YES;
				GCC_OPTIMIZATION_LEVEL = 0;
				GCC_PREPROCESSOR_DEFINITIONS = (
					"DEBUG=1",
					"$(inherited)",
				);
				GCC_WARN_64_TO_32_BIT_CONVERSION = YES;
				GCC_WARN_ABOUT_RETURN_TYPE = YES_ERROR;
				GCC_WARN_UNDECLARED_SELECTOR = YES;
				GCC_WARN_UNINITIALIZED_AUTOS = YES_AGGRESSIVE;
				GCC_WARN_UNUSED_FUNCTION = YES;
				GCC_WARN_UNUSED_VARIABLE = YES;
				IPHONEOS_DEPLOYMENT_TARGET = 10.0;
				MTL_ENABLE_DEBUG_INFO = YES;
				ONLY_ACTIVE_ARCH = YES;
				SDKROOT = iphoneos;
			};
			name = Debug;
		};
		B097C3671DFBFD1200E58776 /* Release */ = {
			isa = XCBuildConfiguration;
			buildSettings = {
				ALWAYS_SEARCH_USER_PATHS = NO;
				CLANG_ANALYZER_NONNULL = YES;
				CLANG_CXX_LANGUAGE_STANDARD = "gnu++0x";
				CLANG_CXX_LIBRARY = "libc++";
				CLANG_ENABLE_MODULES = YES;
				CLANG_ENABLE_OBJC_ARC = YES;
				CLANG_WARN_BOOL_CONVERSION = YES;
				CLANG_WARN_CONSTANT_CONVERSION = YES;
				CLANG_WARN_DIRECT_OBJC_ISA_USAGE = YES_ERROR;
				CLANG_WARN_DOCUMENTATION_COMMENTS = YES;
				CLANG_WARN_EMPTY_BODY = YES;
				CLANG_WARN_ENUM_CONVERSION = YES;
				CLANG_WARN_INFINITE_RECURSION = YES;
				CLANG_WARN_INT_CONVERSION = YES;
				CLANG_WARN_OBJC_ROOT_CLASS = YES_ERROR;
				CLANG_WARN_SUSPICIOUS_MOVES = YES;
				CLANG_WARN_UNREACHABLE_CODE = YES;
				CLANG_WARN__DUPLICATE_METHOD_MATCH = YES;
				"CODE_SIGN_IDENTITY[sdk=iphoneos*]" = "iPhone Developer";
				COPY_PHASE_STRIP = NO;
				DEBUG_INFORMATION_FORMAT = "dwarf-with-dsym";
				ENABLE_NS_ASSERTIONS = NO;
				ENABLE_STRICT_OBJC_MSGSEND = YES;
				GCC_C_LANGUAGE_STANDARD = gnu99;
				GCC_NO_COMMON_BLOCKS = YES;
				GCC_WARN_64_TO_32_BIT_CONVERSION = YES;
				GCC_WARN_ABOUT_RETURN_TYPE = YES_ERROR;
				GCC_WARN_UNDECLARED_SELECTOR = YES;
				GCC_WARN_UNINITIALIZED_AUTOS = YES_AGGRESSIVE;
				GCC_WARN_UNUSED_FUNCTION = YES;
				GCC_WARN_UNUSED_VARIABLE = YES;
				IPHONEOS_DEPLOYMENT_TARGET = 10.0;
				MTL_ENABLE_DEBUG_INFO = NO;
				SDKROOT = iphoneos;
				VALIDATE_PRODUCT = YES;
			};
			name = Release;
		};
		B097C3691DFBFD1200E58776 /* Debug */ = {
			isa = XCBuildConfiguration;
			baseConfigurationReference = 514FC076CDCFDED4851B20BB /* Pods-VK MESSENGER SSAU.debug.xcconfig */;
			buildSettings = {
				ASSETCATALOG_COMPILER_APPICON_NAME = AppIcon;
				"CODE_SIGN_IDENTITY[sdk=iphoneos*]" = "iPhone Developer";
				DEVELOPMENT_TEAM = YJ7WEU84RH;
				INFOPLIST_FILE = "VK MESSENGER SSAU/Info.plist";
				IPHONEOS_DEPLOYMENT_TARGET = 10.0;
				LD_RUNPATH_SEARCH_PATHS = "$(inherited) @executable_path/Frameworks";
				PRODUCT_BUNDLE_IDENTIFIER = "IG.VK-MESSENGER-SSAU";
				PRODUCT_NAME = "$(TARGET_NAME)";
			};
			name = Debug;
		};
		B097C36A1DFBFD1200E58776 /* Release */ = {
			isa = XCBuildConfiguration;
			baseConfigurationReference = A3503AB774818FEDDAE6F3F7 /* Pods-VK MESSENGER SSAU.release.xcconfig */;
			buildSettings = {
				ASSETCATALOG_COMPILER_APPICON_NAME = AppIcon;
				"CODE_SIGN_IDENTITY[sdk=iphoneos*]" = "iPhone Developer";
				DEVELOPMENT_TEAM = YJ7WEU84RH;
				INFOPLIST_FILE = "VK MESSENGER SSAU/Info.plist";
				IPHONEOS_DEPLOYMENT_TARGET = 10.0;
				LD_RUNPATH_SEARCH_PATHS = "$(inherited) @executable_path/Frameworks";
				PRODUCT_BUNDLE_IDENTIFIER = "IG.VK-MESSENGER-SSAU";
				PRODUCT_NAME = "$(TARGET_NAME)";
			};
			name = Release;
		};
		B097C36C1DFBFD1200E58776 /* Debug */ = {
			isa = XCBuildConfiguration;
			buildSettings = {
				BUNDLE_LOADER = "$(TEST_HOST)";
				DEVELOPMENT_TEAM = YJ7WEU84RH;
				INFOPLIST_FILE = "VK MESSENGER SSAUTests/Info.plist";
				LD_RUNPATH_SEARCH_PATHS = "$(inherited) @executable_path/Frameworks @loader_path/Frameworks";
				PRODUCT_BUNDLE_IDENTIFIER = "IG.VK-MESSENGER-SSAUTests";
				PRODUCT_NAME = "$(TARGET_NAME)";
				TEST_HOST = "$(BUILT_PRODUCTS_DIR)/VK MESSENGER SSAU.app/VK MESSENGER SSAU";
			};
			name = Debug;
		};
		B097C36D1DFBFD1200E58776 /* Release */ = {
			isa = XCBuildConfiguration;
			buildSettings = {
				BUNDLE_LOADER = "$(TEST_HOST)";
				DEVELOPMENT_TEAM = YJ7WEU84RH;
				INFOPLIST_FILE = "VK MESSENGER SSAUTests/Info.plist";
				LD_RUNPATH_SEARCH_PATHS = "$(inherited) @executable_path/Frameworks @loader_path/Frameworks";
				PRODUCT_BUNDLE_IDENTIFIER = "IG.VK-MESSENGER-SSAUTests";
				PRODUCT_NAME = "$(TARGET_NAME)";
				TEST_HOST = "$(BUILT_PRODUCTS_DIR)/VK MESSENGER SSAU.app/VK MESSENGER SSAU";
			};
			name = Release;
		};
		B097C36F1DFBFD1200E58776 /* Debug */ = {
			isa = XCBuildConfiguration;
			buildSettings = {
				DEVELOPMENT_TEAM = YJ7WEU84RH;
				INFOPLIST_FILE = "VK MESSENGER SSAUUITests/Info.plist";
				LD_RUNPATH_SEARCH_PATHS = "$(inherited) @executable_path/Frameworks @loader_path/Frameworks";
				PRODUCT_BUNDLE_IDENTIFIER = "IG.VK-MESSENGER-SSAUUITests";
				PRODUCT_NAME = "$(TARGET_NAME)";
				TEST_TARGET_NAME = "VK MESSENGER SSAU";
			};
			name = Debug;
		};
		B097C3701DFBFD1200E58776 /* Release */ = {
			isa = XCBuildConfiguration;
			buildSettings = {
				DEVELOPMENT_TEAM = YJ7WEU84RH;
				INFOPLIST_FILE = "VK MESSENGER SSAUUITests/Info.plist";
				LD_RUNPATH_SEARCH_PATHS = "$(inherited) @executable_path/Frameworks @loader_path/Frameworks";
				PRODUCT_BUNDLE_IDENTIFIER = "IG.VK-MESSENGER-SSAUUITests";
				PRODUCT_NAME = "$(TARGET_NAME)";
				TEST_TARGET_NAME = "VK MESSENGER SSAU";
			};
			name = Release;
		};
/* End XCBuildConfiguration section */

/* Begin XCConfigurationList section */
		B097C3361DFBFD1100E58776 /* Build configuration list for PBXProject "VK MESSENGER SSAU" */ = {
			isa = XCConfigurationList;
			buildConfigurations = (
				B097C3661DFBFD1200E58776 /* Debug */,
				B097C3671DFBFD1200E58776 /* Release */,
			);
			defaultConfigurationIsVisible = 0;
			defaultConfigurationName = Release;
		};
		B097C3681DFBFD1200E58776 /* Build configuration list for PBXNativeTarget "VK MESSENGER SSAU" */ = {
			isa = XCConfigurationList;
			buildConfigurations = (
				B097C3691DFBFD1200E58776 /* Debug */,
				B097C36A1DFBFD1200E58776 /* Release */,
			);
			defaultConfigurationIsVisible = 0;
			defaultConfigurationName = Release;
		};
		B097C36B1DFBFD1200E58776 /* Build configuration list for PBXNativeTarget "VK MESSENGER SSAUTests" */ = {
			isa = XCConfigurationList;
			buildConfigurations = (
				B097C36C1DFBFD1200E58776 /* Debug */,
				B097C36D1DFBFD1200E58776 /* Release */,
			);
			defaultConfigurationIsVisible = 0;
			defaultConfigurationName = Release;
		};
		B097C36E1DFBFD1200E58776 /* Build configuration list for PBXNativeTarget "VK MESSENGER SSAUUITests" */ = {
			isa = XCConfigurationList;
			buildConfigurations = (
				B097C36F1DFBFD1200E58776 /* Debug */,
				B097C3701DFBFD1200E58776 /* Release */,
			);
			defaultConfigurationIsVisible = 0;
			defaultConfigurationName = Release;
		};
/* End XCConfigurationList section */

/* Begin XCVersionGroup section */
		B09EAC4C1E0FC29C00764ECC /* Model.xcdatamodeld */ = {
			isa = XCVersionGroup;
			children = (
				B09EAC4D1E0FC29C00764ECC /* Model.xcdatamodel */,
			);
			currentVersion = B09EAC4D1E0FC29C00764ECC /* Model.xcdatamodel */;
			path = Model.xcdatamodeld;
			sourceTree = "<group>";
			versionGroupType = wrapper.xcdatamodel;
		};
/* End XCVersionGroup section */
	};
	rootObject = B097C3331DFBFD1100E58776 /* Project object */;
}
